
Microsoft Visual Studio Solution File, Format Version 12.00
Project("{FAE04EC0-301F-11D3-BF4B-00C04F79EFBC}") = "AtddExercise.Api", "AtddExercise.Api\AtddExercise.Api.csproj", "{BB47686A-B525-4D5E-A4D6-8384D2E3174F}"
EndProject
Project("{FAE04EC0-301F-11D3-BF4B-00C04F79EFBC}") = "AtddExercise.UnitTests", "AtddExercise.UnitTests\AtddExercise.UnitTests.csproj", "{2F03228E-A98A-452D-9FB7-6961B16CDA2F}"
EndProject
Global
	GlobalSection(SolutionConfigurationPlatforms) = preSolution
		Debug|Any CPU = Debug|Any CPU
		Release|Any CPU = Release|Any CPU
	EndGlobalSection
	GlobalSection(ProjectConfigurationPlatforms) = postSolution
		{BB47686A-B525-4D5E-A4D6-8384D2E3174F}.Debug|Any CPU.ActiveCfg = Debug|Any CPU
		{BB47686A-B525-4D5E-A4D6-8384D2E3174F}.Debug|Any CPU.Build.0 = Debug|Any CPU
		{BB47686A-B525-4D5E-A4D6-8384D2E3174F}.Release|Any CPU.ActiveCfg = Release|Any CPU
		{BB47686A-B525-4D5E-A4D6-8384D2E3174F}.Release|Any CPU.Build.0 = Release|Any CPU
		{2F03228E-A98A-452D-9FB7-6961B16CDA2F}.Debug|Any CPU.ActiveCfg = Debug|Any CPU
		{2F03228E-A98A-452D-9FB7-6961B16CDA2F}.Debug|Any CPU.Build.0 = Debug|Any CPU
		{2F03228E-A98A-452D-9FB7-6961B16CDA2F}.Release|Any CPU.ActiveCfg = Release|Any CPU
		{2F03228E-A98A-452D-9FB7-6961B16CDA2F}.Release|Any CPU.Build.0 = Release|Any CPU
	EndGlobalSection
EndGlobal
